
Microsoft Visual Studio Solution File, Format Version 12.00
# Visual Studio Version 16
VisualStudioVersion = 16.0.29728.190
MinimumVisualStudioVersion = 10.0.40219.1
Project("{FAE04EC0-301F-11D3-BF4B-00C04F79EFBC}") = "Convergence.LMSApiLib", "Convergence.LMSApiLib.csproj", "{7A3318B8-0326-4E97-9A6D-BDCFDB9DEDC7}"
EndProject
Global
	GlobalSection(SolutionConfigurationPlatforms) = preSolution
		Debug|Any CPU = Debug|Any CPU
		Release|Any CPU = Release|Any CPU
	EndGlobalSection
	GlobalSection(ProjectConfigurationPlatforms) = postSolution
		{7A3318B8-0326-4E97-9A6D-BDCFDB9DEDC7}.Debug|Any CPU.ActiveCfg = Debug|Any CPU
		{7A3318B8-0326-4E97-9A6D-BDCFDB9DEDC7}.Debug|Any CPU.Build.0 = Debug|Any CPU
		{7A3318B8-0326-4E97-9A6D-BDCFDB9DEDC7}.Release|Any CPU.ActiveCfg = Release|Any CPU
		{7A3318B8-0326-4E97-9A6D-BDCFDB9DEDC7}.Release|Any CPU.Build.0 = Release|Any CPU
	EndGlobalSection
	GlobalSection(SolutionProperties) = preSolution
		HideSolutionNode = FALSE
	EndGlobalSection
	GlobalSection(ExtensibilityGlobals) = postSolution
		SolutionGuid = {402DD35C-4F1A-46EC-ACA6-44D3D891B732}
	EndGlobalSection
	GlobalSection(TeamFoundationVersionControl) = preSolution
		SccNumberOfProjects = 1
		SccEnterpriseProvider = {4CA58AB2-18FA-4F8D-95D4-32DDF27D184C}
		SccTeamFoundationServer = http://vvc-tfs1:8080/tfs/defaultcollection
		SccProjectUniqueName0 = Convergence.LMSApiLib.csproj
		SccProjectName0 = .
		SccAuxPath0 = http://vvc-tfs1:8080/tfs/defaultcollection
		SccLocalPath0 = .
		SccProvider0 = {4CA58AB2-18FA-4F8D-95D4-32DDF27D184C}
	EndGlobalSection
EndGlobal
